# This file was autogenerated by Stack.
# You should not edit this file by hand.
# For more information, please see the documentation at:
#   https://docs.haskellstack.org/en/stable/topics/lock_files

packages: []
snapshots:
- completed:
    sha256: a6882445afe04fd38791656e3667b491d92b9c27bcf18cda7e01c73016e828ee
    size: 728959
    url: https://raw.githubusercontent.com/commercialhaskell/stackage-snapshots/master/lts/24/36.yaml
  original: lts-24.36
