# This file was autogenerated by Stack.
# You should not edit this file by hand.
# For more information, please see the documentation at:
#   https://docs.haskellstack.org/en/stable/topics/lock_files

packages: []
snapshots:
- completed:
    sha256: 95817c7fe8ae8ca6e8f4ecfd3e876b3edc4e5fbba9f8d8f757e87b484f9bfe6b
    size: 726101
    url: https://raw.githubusercontent.com/commercialhaskell/stackage-snapshots/master/lts/24/13.yaml
  original: lts-24.13
